
Microsoft Visual Studio Solution File, Format Version 12.00
# Visual Studio 15
VisualStudioVersion = 15.0.27130.2027
MinimumVisualStudioVersion = 10.0.40219.1
Project("{FAE04EC0-301F-11D3-BF4B-00C04F79EFBC}") = "CFET2App", "CFET2App\CFET2App.csproj", "{C6D481AC-3D71-47D2-8B2F-5BACFA34F1D8}"
EndProject
Project("{FAE04EC0-301F-11D3-BF4B-00C04F79EFBC}") = "CFET2Core", "CFET2Core\CFET2Core.csproj", "{D4FAF7F3-C9C0-45EE-B559-8CC7E3A5F36D}"
EndProject
Project("{FAE04EC0-301F-11D3-BF4B-00C04F79EFBC}") = "CFET2CoreTest", "Cfet2CoreTest\CFET2CoreTest.csproj", "{27BA7F8F-E14B-4342-B519-5BAA079F6CB2}"
EndProject
Project("{FAE04EC0-301F-11D3-BF4B-00C04F79EFBC}") = "NancyHttpCommunicationModule", "NancyHttpCommunicationModule\NancyHttpCommunicationModule.csproj", "{AC799159-B72B-4341-8255-8FF9A0B2400A}"
EndProject
Project("{9A19103F-16F7-4668-BE54-9A1E7A4F7556}") = "WebsocketEventThing", "WebsocketEventThing\WebsocketEventThing.csproj", "{3F4ABC97-2510-4A7B-BDB7-97B9296DF7F0}"
EndProject
Project("{FAE04EC0-301F-11D3-BF4B-00C04F79EFBC}") = "WobsocketEventTest", "WobsocketEventTest\WobsocketEventTest.csproj", "{0864FDFB-537E-4EC1-939A-D751A5D050F1}"
EndProject
Project("{FAE04EC0-301F-11D3-BF4B-00C04F79EFBC}") = "WebSocketRTTTest", "WebSocketRTTTest\WebSocketRTTTest.csproj", "{6AF289F4-EBA4-429D-9EA7-7D7507744A29}"
EndProject
Global
	GlobalSection(SolutionConfigurationPlatforms) = preSolution
		Debug|Any CPU = Debug|Any CPU
		Release|Any CPU = Release|Any CPU
	EndGlobalSection
	GlobalSection(ProjectConfigurationPlatforms) = postSolution
		{C6D481AC-3D71-47D2-8B2F-5BACFA34F1D8}.Debug|Any CPU.ActiveCfg = Debug|Any CPU
		{C6D481AC-3D71-47D2-8B2F-5BACFA34F1D8}.Debug|Any CPU.Build.0 = Debug|Any CPU
		{C6D481AC-3D71-47D2-8B2F-5BACFA34F1D8}.Release|Any CPU.ActiveCfg = Release|Any CPU
		{C6D481AC-3D71-47D2-8B2F-5BACFA34F1D8}.Release|Any CPU.Build.0 = Release|Any CPU
		{D4FAF7F3-C9C0-45EE-B559-8CC7E3A5F36D}.Debug|Any CPU.ActiveCfg = Debug|Any CPU
		{D4FAF7F3-C9C0-45EE-B559-8CC7E3A5F36D}.Debug|Any CPU.Build.0 = Debug|Any CPU
		{D4FAF7F3-C9C0-45EE-B559-8CC7E3A5F36D}.Release|Any CPU.ActiveCfg = Release|Any CPU
		{D4FAF7F3-C9C0-45EE-B559-8CC7E3A5F36D}.Release|Any CPU.Build.0 = Release|Any CPU
		{27BA7F8F-E14B-4342-B519-5BAA079F6CB2}.Debug|Any CPU.ActiveCfg = Debug|Any CPU
		{27BA7F8F-E14B-4342-B519-5BAA079F6CB2}.Debug|Any CPU.Build.0 = Debug|Any CPU
		{27BA7F8F-E14B-4342-B519-5BAA079F6CB2}.Release|Any CPU.ActiveCfg = Release|Any CPU
		{27BA7F8F-E14B-4342-B519-5BAA079F6CB2}.Release|Any CPU.Build.0 = Release|Any CPU
		{AC799159-B72B-4341-8255-8FF9A0B2400A}.Debug|Any CPU.ActiveCfg = Debug|Any CPU
		{AC799159-B72B-4341-8255-8FF9A0B2400A}.Debug|Any CPU.Build.0 = Debug|Any CPU
		{AC799159-B72B-4341-8255-8FF9A0B2400A}.Release|Any CPU.ActiveCfg = Release|Any CPU
		{AC799159-B72B-4341-8255-8FF9A0B2400A}.Release|Any CPU.Build.0 = Release|Any CPU
		{3F4ABC97-2510-4A7B-BDB7-97B9296DF7F0}.Debug|Any CPU.ActiveCfg = Debug|Any CPU
		{3F4ABC97-2510-4A7B-BDB7-97B9296DF7F0}.Debug|Any CPU.Build.0 = Debug|Any CPU
		{3F4ABC97-2510-4A7B-BDB7-97B9296DF7F0}.Release|Any CPU.ActiveCfg = Release|Any CPU
		{3F4ABC97-2510-4A7B-BDB7-97B9296DF7F0}.Release|Any CPU.Build.0 = Release|Any CPU
		{0864FDFB-537E-4EC1-939A-D751A5D050F1}.Debug|Any CPU.ActiveCfg = Debug|Any CPU
		{0864FDFB-537E-4EC1-939A-D751A5D050F1}.Debug|Any CPU.Build.0 = Debug|Any CPU
		{0864FDFB-537E-4EC1-939A-D751A5D050F1}.Release|Any CPU.ActiveCfg = Release|Any CPU
		{0864FDFB-537E-4EC1-939A-D751A5D050F1}.Release|Any CPU.Build.0 = Release|Any CPU
		{6AF289F4-EBA4-429D-9EA7-7D7507744A29}.Debug|Any CPU.ActiveCfg = Debug|Any CPU
		{6AF289F4-EBA4-429D-9EA7-7D7507744A29}.Debug|Any CPU.Build.0 = Debug|Any CPU
		{6AF289F4-EBA4-429D-9EA7-7D7507744A29}.Release|Any CPU.ActiveCfg = Release|Any CPU
		{6AF289F4-EBA4-429D-9EA7-7D7507744A29}.Release|Any CPU.Build.0 = Release|Any CPU
	EndGlobalSection
	GlobalSection(SolutionProperties) = preSolution
		HideSolutionNode = FALSE
	EndGlobalSection
	GlobalSection(ExtensibilityGlobals) = postSolution
		SolutionGuid = {A4449634-824B-41F5-B7B2-EA3A1123A886}
	EndGlobalSection
EndGlobal
